
Microsoft Visual Studio Solution File, Format Version 12.00
# Visual Studio 15
VisualStudioVersion = 15.0.26730.3
MinimumVisualStudioVersion = 10.0.40219.1
Project("{FAE04EC0-301F-11D3-BF4B-00C04F79EFBC}") = "drop_collector", "drop_collector.csproj", "{BD14DAD0-D392-47C3-865F-E0786F8F356F}"
EndProject
Global
	GlobalSection(SolutionConfigurationPlatforms) = preSolution
		Debug|Any CPU = Debug|Any CPU
		Release|Any CPU = Release|Any CPU
	EndGlobalSection
	GlobalSection(ProjectConfigurationPlatforms) = postSolution
		{BD14DAD0-D392-47C3-865F-E0786F8F356F}.Debug|Any CPU.ActiveCfg = Debug|Any CPU
		{BD14DAD0-D392-47C3-865F-E0786F8F356F}.Debug|Any CPU.Build.0 = Debug|Any CPU
		{BD14DAD0-D392-47C3-865F-E0786F8F356F}.Release|Any CPU.ActiveCfg = Release|Any CPU
		{BD14DAD0-D392-47C3-865F-E0786F8F356F}.Release|Any CPU.Build.0 = Release|Any CPU
	EndGlobalSection
	GlobalSection(SolutionProperties) = preSolution
		HideSolutionNode = FALSE
	EndGlobalSection
	GlobalSection(ExtensibilityGlobals) = postSolution
		SolutionGuid = {3D75A23B-144E-40D7-9BDF-7714680619AF}
	EndGlobalSection
EndGlobal
